<?xml version="1.0" encoding="utf-8"?>
<Project ToolsVersion="4.0" xmlns="http://schemas.microsoft.com/developer/msbuild/2003">
  <ItemGroup>
    <Filter Include="Файлы исходного кода">
      <UniqueIdentifier>{4FC737F1-C7A5-4376-A066-2A32D752A2FF}</UniqueIdentifier>
      <Extensions>cpp;c;cc;cxx;def;odl;idl;hpj;bat;asm;asmx</Extensions>
    </Filter>
    <Filter Include="Заголовочные файлы">
      <UniqueIdentifier>{93995380-89BD-4b04-88EB-625FBE52EBFB}</UniqueIdentifier>
      <Extensions>h;hh;hpp;hxx;hm;inl;inc;xsd</Extensions>
    </Filter>
    <Filter Include="Файлы ресурсов">
      <UniqueIdentifier>{67DA6AB6-F800-4c08-8B7A-83BB121AAD01}</UniqueIdentifier>
      <Extensions>rc;ico;cur;bmp;dlg;rc2;rct;bin;rgs;gif;jpg;jpeg;jpe;resx;tiff;tif;png;wav;mfcribbon-ms</Extensions>
    </Filter>
    <Filter Include="Заголовочные файлы\ValveSDK">
      <UniqueIdentifier>{f09d28d4-a5d5-4ffb-93aa-b0a479917b59}</UniqueIdentifier>
    </Filter>
    <Filter Include="Заголовочные файлы\ValveSDK\common">
      <UniqueIdentifier>{60d83d44-0e43-4da1-81a6-ebbca192b758}</UniqueIdentifier>
    </Filter>
    <Filter Include="Заголовочные файлы\ValveSDK\engine">
      <UniqueIdentifier>{c8c4ac7c-266e-4fb9-bbce-b17b4be60149}</UniqueIdentifier>
    </Filter>
    <Filter Include="Заголовочные файлы\ValveSDK\misc">
      <UniqueIdentifier>{313c845a-6cf9-4956-92be-0ccc8cc0536e}</UniqueIdentifier>
    </Filter>
    <Filter Include="Заголовочные файлы\Drawing">
      <UniqueIdentifier>{c495cc25-96fe-4536-aedc-82f395bf8ac2}</UniqueIdentifier>
    </Filter>
    <Filter Include="Файлы исходного кода\Drawing">
      <UniqueIdentifier>{84b29bcc-60f2-43da-840d-d02b5f37ea5b}</UniqueIdentifier>
    </Filter>
  </ItemGroup>
  <ItemGroup>
    <ClInclude Include="ValveSDK\common\beamdef.h">
      <Filter>Заголовочные файлы\ValveSDK\common</Filter>
    </ClInclude>
    <ClInclude Include="ValveSDK\common\cl_entity.h">
      <Filter>Заголовочные файлы\ValveSDK\common</Filter>
    </ClInclude>
    <ClInclude Include="ValveSDK\common\com_model.h">
      <Filter>Заголовочные файлы\ValveSDK\common</Filter>
    </ClInclude>
    <ClInclude Include="ValveSDK\common\con_nprint.h">
      <Filter>Заголовочные файлы\ValveSDK\common</Filter>
    </ClInclude>
    <ClInclude Include="ValveSDK\common\const.h">
      <Filter>Заголовочные файлы\ValveSDK\common</Filter>
    </ClInclude>
    <ClInclude Include="ValveSDK\common\crc.h">
      <Filter>Заголовочные файлы\ValveSDK\common</Filter>
    </ClInclude>
    <ClInclude Include="ValveSDK\common\cvardef.h">
      <Filter>Заголовочные файлы\ValveSDK\common</Filter>
    </ClInclude>
    <ClInclude Include="ValveSDK\common\demo_api.h">
      <Filter>Заголовочные файлы\ValveSDK\common</Filter>
    </ClInclude>
    <ClInclude Include="ValveSDK\common\director_cmds.h">
      <Filter>Заголовочные файлы\ValveSDK\common</Filter>
    </ClInclude>
    <ClInclude Include="ValveSDK\common\dlight.h">
      <Filter>Заголовочные файлы\ValveSDK\common</Filter>
    </ClInclude>
    <ClInclude Include="ValveSDK\common\dll_state.h">
      <Filter>Заголовочные файлы\ValveSDK\common</Filter>
    </ClInclude>
    <ClInclude Include="ValveSDK\common\engine_launcher_api.h">
      <Filter>Заголовочные файлы\ValveSDK\common</Filter>
    </ClInclude>
    <ClInclude Include="ValveSDK\common\entity_state.h">
      <Filter>Заголовочные файлы\ValveSDK\common</Filter>
    </ClInclude>
    <ClInclude Include="ValveSDK\common\entity_types.h">
      <Filter>Заголовочные файлы\ValveSDK\common</Filter>
    </ClInclude>
    <ClInclude Include="ValveSDK\common\event_api.h">
      <Filter>Заголовочные файлы\ValveSDK\common</Filter>
    </ClInclude>
    <ClInclude Include="ValveSDK\common\event_args.h">
      <Filter>Заголовочные файлы\ValveSDK\common</Filter>
    </ClInclude>
    <ClInclude Include="ValveSDK\common\event_flags.h">
      <Filter>Заголовочные файлы\ValveSDK\common</Filter>
    </ClInclude>
    <ClInclude Include="ValveSDK\common\exefuncs.h">
      <Filter>Заголовочные файлы\ValveSDK\common</Filter>
    </ClInclude>
    <ClInclude Include="ValveSDK\common\hltv.h">
      <Filter>Заголовочные файлы\ValveSDK\common</Filter>
    </ClInclude>
    <ClInclude Include="ValveSDK\common\in_buttons.h">
      <Filter>Заголовочные файлы\ValveSDK\common</Filter>
    </ClInclude>
    <ClInclude Include="ValveSDK\common\interface.h">
      <Filter>Заголовочные файлы\ValveSDK\common</Filter>
    </ClInclude>
    <ClInclude Include="ValveSDK\common\itrackeruser.h">
      <Filter>Заголовочные файлы\ValveSDK\common</Filter>
    </ClInclude>
    <ClInclude Include="ValveSDK\common\ivoicetweak.h">
      <Filter>Заголовочные файлы\ValveSDK\common</Filter>
    </ClInclude>
    <ClInclude Include="ValveSDK\common\mathlib.h">
      <Filter>Заголовочные файлы\ValveSDK\common</Filter>
    </ClInclude>
    <ClInclude Include="ValveSDK\common\net_api.h">
      <Filter>Заголовочные файлы\ValveSDK\common</Filter>
    </ClInclude>
    <ClInclude Include="ValveSDK\common\netadr.h">
      <Filter>Заголовочные файлы\ValveSDK\common</Filter>
    </ClInclude>
    <ClInclude Include="ValveSDK\common\nowin.h">
      <Filter>Заголовочные файлы\ValveSDK\common</Filter>
    </ClInclude>
    <ClInclude Include="ValveSDK\common\particledef.h">
      <Filter>Заголовочные файлы\ValveSDK\common</Filter>
    </ClInclude>
    <ClInclude Include="ValveSDK\common\pmtrace.h">
      <Filter>Заголовочные файлы\ValveSDK\common</Filter>
    </ClInclude>
    <ClInclude Include="ValveSDK\common\qfont.h">
      <Filter>Заголовочные файлы\ValveSDK\common</Filter>
    </ClInclude>
    <ClInclude Include="ValveSDK\common\r_efx.h">
      <Filter>Заголовочные файлы\ValveSDK\common</Filter>
    </ClInclude>
    <ClInclude Include="ValveSDK\common\ref_params.h">
      <Filter>Заголовочные файлы\ValveSDK\common</Filter>
    </ClInclude>
    <ClInclude Include="ValveSDK\common\screenfade.h">
      <Filter>Заголовочные файлы\ValveSDK\common</Filter>
    </ClInclude>
    <ClInclude Include="ValveSDK\common\studio_event.h">
      <Filter>Заголовочные файлы\ValveSDK\common</Filter>
    </ClInclude>
    <ClInclude Include="ValveSDK\common\triangleapi.h">
      <Filter>Заголовочные файлы\ValveSDK\common</Filter>
    </ClInclude>
    <ClInclude Include="ValveSDK\common\usercmd.h">
      <Filter>Заголовочные файлы\ValveSDK\common</Filter>
    </ClInclude>
    <ClInclude Include="ValveSDK\common\weaponinfo.h">
      <Filter>Заголовочные файлы\ValveSDK\common</Filter>
    </ClInclude>
    <ClInclude Include="ValveSDK\engine\anorms.h">
      <Filter>Заголовочные файлы\ValveSDK\engine</Filter>
    </ClInclude>
    <ClInclude Include="ValveSDK\engine\beamdef.h">
      <Filter>Заголовочные файлы\ValveSDK\engine</Filter>
    </ClInclude>
    <ClInclude Include="ValveSDK\engine\cdll_dll.h">
      <Filter>Заголовочные файлы\ValveSDK\engine</Filter>
    </ClInclude>
    <ClInclude Include="ValveSDK\engine\cdll_engine_dll.h">
      <Filter>Заголовочные файлы\ValveSDK\engine</Filter>
    </ClInclude>
    <ClInclude Include="ValveSDK\engine\Cdll_int.h">
      <Filter>Заголовочные файлы\ValveSDK\engine</Filter>
    </ClInclude>
    <ClInclude Include="ValveSDK\engine\cl_dll.h">
      <Filter>Заголовочные файлы\ValveSDK\engine</Filter>
    </ClInclude>
    <ClInclude Include="ValveSDK\engine\cl_entity.h">
      <Filter>Заголовочные файлы\ValveSDK\engine</Filter>
    </ClInclude>
    <ClInclude Include="ValveSDK\engine\const.h">
      <Filter>Заголовочные файлы\ValveSDK\engine</Filter>
    </ClInclude>
    <ClInclude Include="ValveSDK\engine\crc.h">
      <Filter>Заголовочные файлы\ValveSDK\engine</Filter>
    </ClInclude>
    <ClInclude Include="ValveSDK\engine\custom.h">
      <Filter>Заголовочные файлы\ValveSDK\engine</Filter>
    </ClInclude>
    <ClInclude Include="ValveSDK\engine\customentity.h">
      <Filter>Заголовочные файлы\ValveSDK\engine</Filter>
    </ClInclude>
    <ClInclude Include="ValveSDK\engine\cvardef.h">
      <Filter>Заголовочные файлы\ValveSDK\engine</Filter>
    </ClInclude>
    <ClInclude Include="ValveSDK\engine\dlight.h">
      <Filter>Заголовочные файлы\ValveSDK\engine</Filter>
    </ClInclude>
    <ClInclude Include="ValveSDK\engine\edict.h">
      <Filter>Заголовочные файлы\ValveSDK\engine</Filter>
    </ClInclude>
    <ClInclude Include="ValveSDK\engine\eiface.h">
      <Filter>Заголовочные файлы\ValveSDK\engine</Filter>
    </ClInclude>
    <ClInclude Include="ValveSDK\engine\entity_state.h">
      <Filter>Заголовочные файлы\ValveSDK\engine</Filter>
    </ClInclude>
    <ClInclude Include="ValveSDK\engine\entity_types.h">
      <Filter>Заголовочные файлы\ValveSDK\engine</Filter>
    </ClInclude>
    <ClInclude Include="ValveSDK\engine\event_args.h">
      <Filter>Заголовочные файлы\ValveSDK\engine</Filter>
    </ClInclude>
    <ClInclude Include="ValveSDK\engine\event_flags.h">
      <Filter>Заголовочные файлы\ValveSDK\engine</Filter>
    </ClInclude>
    <ClInclude Include="ValveSDK\engine\in_buttons.h">
      <Filter>Заголовочные файлы\ValveSDK\engine</Filter>
    </ClInclude>
    <ClInclude Include="ValveSDK\engine\keydefs.h">
      <Filter>Заголовочные файлы\ValveSDK\engine</Filter>
    </ClInclude>
    <ClInclude Include="ValveSDK\engine\particledef.h">
      <Filter>Заголовочные файлы\ValveSDK\engine</Filter>
    </ClInclude>
    <ClInclude Include="ValveSDK\engine\pm_defs.h">
      <Filter>Заголовочные файлы\ValveSDK\engine</Filter>
    </ClInclude>
    <ClInclude Include="ValveSDK\engine\pm_info.h">
      <Filter>Заголовочные файлы\ValveSDK\engine</Filter>
    </ClInclude>
    <ClInclude Include="ValveSDK\engine\pmtrace.h">
      <Filter>Заголовочные файлы\ValveSDK\engine</Filter>
    </ClInclude>
    <ClInclude Include="ValveSDK\engine\progdefs.h">
      <Filter>Заголовочные файлы\ValveSDK\engine</Filter>
    </ClInclude>
    <ClInclude Include="ValveSDK\engine\progs.h">
      <Filter>Заголовочные файлы\ValveSDK\engine</Filter>
    </ClInclude>
    <ClInclude Include="ValveSDK\engine\r_efx.h">
      <Filter>Заголовочные файлы\ValveSDK\engine</Filter>
    </ClInclude>
    <ClInclude Include="ValveSDK\engine\r_studioint.h">
      <Filter>Заголовочные файлы\ValveSDK\engine</Filter>
    </ClInclude>
    <ClInclude Include="ValveSDK\engine\shake.h">
      <Filter>Заголовочные файлы\ValveSDK\engine</Filter>
    </ClInclude>
    <ClInclude Include="ValveSDK\engine\studio.h">
      <Filter>Заголовочные файлы\ValveSDK\engine</Filter>
    </ClInclude>
    <ClInclude Include="ValveSDK\engine\studio_event.h">
      <Filter>Заголовочные файлы\ValveSDK\engine</Filter>
    </ClInclude>
    <ClInclude Include="ValveSDK\engine\triangleapi.h">
      <Filter>Заголовочные файлы\ValveSDK\engine</Filter>
    </ClInclude>
    <ClInclude Include="ValveSDK\engine\usercmd.h">
      <Filter>Заголовочные файлы\ValveSDK\engine</Filter>
    </ClInclude>
    <ClInclude Include="ValveSDK\engine\util_vector.h">
      <Filter>Заголовочные файлы\ValveSDK\engine</Filter>
    </ClInclude>
    <ClInclude Include="ValveSDK\engine\weaponinfo.h">
      <Filter>Заголовочные файлы\ValveSDK\engine</Filter>
    </ClInclude>
    <ClInclude Include="ValveSDK\engine\wrect.h">
      <Filter>Заголовочные файлы\ValveSDK\engine</Filter>
    </ClInclude>
    <ClInclude Include="ValveSDK\misc\com_model.h">
      <Filter>Заголовочные файлы\ValveSDK\misc</Filter>
    </ClInclude>
    <ClInclude Include="ValveSDK\misc\parsemsg.h">
      <Filter>Заголовочные файлы\ValveSDK\misc</Filter>
    </ClInclude>
    <ClInclude Include="AutoOffset.h">
      <Filter>Заголовочные файлы</Filter>
    </ClInclude>
    <ClInclude Include="Main.h">
      <Filter>Заголовочные файлы</Filter>
    </ClInclude>
    <ClInclude Include="Client.h">
      <Filter>Заголовочные файлы</Filter>
    </ClInclude>
    <ClInclude Include="ModuleSecurity.h">
      <Filter>Заголовочные файлы</Filter>
    </ClInclude>
    <ClInclude Include="cFont.h">
      <Filter>Заголовочные файлы\Drawing</Filter>
    </ClInclude>
    <ClInclude Include="Drawing.h">
      <Filter>Заголовочные файлы\Drawing</Filter>
    </ClInclude>
    <ClInclude Include="SvcMessage.h">
      <Filter>Заголовочные файлы</Filter>
    </ClInclude>
    <ClInclude Include="struct.h">
      <Filter>Заголовочные файлы</Filter>
    </ClInclude>
    <ClInclude Include="detours.h">
      <Filter>Заголовочные файлы</Filter>
    </ClInclude>
    <ClInclude Include="Utils.h">
      <Filter>Заголовочные файлы</Filter>
    </ClInclude>
    <ClInclude Include="CvarUtils.h">
      <Filter>Заголовочные файлы</Filter>
    </ClInclude>
    <ClInclude Include="UserMsgs.h">
      <Filter>Заголовочные файлы</Filter>
    </ClInclude>
  </ItemGroup>
  <ItemGroup>
    <ClCompile Include="ValveSDK\common\interface.cpp">
      <Filter>Заголовочные файлы\ValveSDK\common</Filter>
    </ClCompile>
    <ClCompile Include="ValveSDK\misc\parsemsg.cpp">
      <Filter>Заголовочные файлы\ValveSDK\misc</Filter>
    </ClCompile>
    <ClCompile Include="AutoOffset.cpp">
      <Filter>Файлы исходного кода</Filter>
    </ClCompile>
    <ClCompile Include="Main.cpp">
      <Filter>Файлы исходного кода</Filter>
    </ClCompile>
    <ClCompile Include="Client.cpp">
      <Filter>Файлы исходного кода</Filter>
    </ClCompile>
    <ClCompile Include="ModuleSecurity.cpp">
      <Filter>Файлы исходного кода</Filter>
    </ClCompile>
    <ClCompile Include="opengl.cpp">
      <Filter>Файлы исходного кода</Filter>
    </ClCompile>
    <ClCompile Include="cFont.cpp">
      <Filter>Файлы исходного кода\Drawing</Filter>
    </ClCompile>
    <ClCompile Include="Drawing.cpp">
      <Filter>Файлы исходного кода\Drawing</Filter>
    </ClCompile>
    <ClCompile Include="SvcMessage.cpp">
      <Filter>Файлы исходного кода</Filter>
    </ClCompile>
    <ClCompile Include="Utils.cpp">
      <Filter>Файлы исходного кода</Filter>
    </ClCompile>
    <ClCompile Include="CvarUtils.cpp">
      <Filter>Файлы исходного кода</Filter>
    </ClCompile>
    <ClCompile Include="UserMsgs.cpp">
      <Filter>Файлы исходного кода</Filter>
    </ClCompile>
  </ItemGroup>
</Project>